
Microsoft Visual Studio Solution File, Format Version 12.00
# Visual Studio Version 16
VisualStudioVersion = 16.0.32106.194
MinimumVisualStudioVersion = 10.0.40219.1
Project("{FAE04EC0-301F-11D3-BF4B-00C04F79EFBC}") = "Team12_Hand_in_2_Ladeskab", "Team12_Hand_in_2_Ladeskab\Team12_Hand_in_2_Ladeskab.csproj", "{E77FA1B1-307D-42F9-A374-88E032085F21}"
EndProject
Project("{FAE04EC0-301F-11D3-BF4B-00C04F79EFBC}") = "Test_Hand_in_2_Team12", "Test_Hand_in_2_Team12\Test_Hand_in_2_Team12.csproj", "{704209BA-7B5F-4CFB-A62C-F68BF060C710}"
EndProject
Global
	GlobalSection(SolutionConfigurationPlatforms) = preSolution
		Debug|Any CPU = Debug|Any CPU
		Release|Any CPU = Release|Any CPU
	EndGlobalSection
	GlobalSection(ProjectConfigurationPlatforms) = postSolution
		{E77FA1B1-307D-42F9-A374-88E032085F21}.Debug|Any CPU.ActiveCfg = Debug|Any CPU
		{E77FA1B1-307D-42F9-A374-88E032085F21}.Debug|Any CPU.Build.0 = Debug|Any CPU
		{E77FA1B1-307D-42F9-A374-88E032085F21}.Release|Any CPU.ActiveCfg = Release|Any CPU
		{E77FA1B1-307D-42F9-A374-88E032085F21}.Release|Any CPU.Build.0 = Release|Any CPU
		{704209BA-7B5F-4CFB-A62C-F68BF060C710}.Debug|Any CPU.ActiveCfg = Debug|Any CPU
		{704209BA-7B5F-4CFB-A62C-F68BF060C710}.Debug|Any CPU.Build.0 = Debug|Any CPU
		{704209BA-7B5F-4CFB-A62C-F68BF060C710}.Release|Any CPU.ActiveCfg = Release|Any CPU
		{704209BA-7B5F-4CFB-A62C-F68BF060C710}.Release|Any CPU.Build.0 = Release|Any CPU
	EndGlobalSection
	GlobalSection(SolutionProperties) = preSolution
		HideSolutionNode = FALSE
	EndGlobalSection
	GlobalSection(ExtensibilityGlobals) = postSolution
		SolutionGuid = {F8CD572B-DB31-48A0-88F5-FE051545F8FC}
	EndGlobalSection
EndGlobal
